// !$*UTF8*$!
{
	archiveVersion = 1;
	classes = {
	};
	objectVersion = 60;
	objects = {

/* Begin PBXBuildFile section */
		040444472C61E80500DF3612 /* images.xcassets in Resources */ = {isa = PBXBuildFile; fileRef = 040444462C61E80500DF3612 /* images.xcassets */; };
		040444492C61E84F00DF3612 /* String+Image.swift in Sources */ = {isa = PBXBuildFile; fileRef = 040444482C61E84F00DF3612 /* String+Image.swift */; };
		041B9ED22C4BC8AA0035528E /* WelcomeViewController.swift in Sources */ = {isa = PBXBuildFile; fileRef = 041B9ED12C4BC8AA0035528E /* WelcomeViewController.swift */; };
		04340B302C3E55B2008EA34F /* AppDelegate.swift in Sources */ = {isa = PBXBuildFile; fileRef = 04340B2F2C3E55B2008EA34F /* AppDelegate.swift */; };
		04340B322C3E55B2008EA34F /* SceneDelegate.swift in Sources */ = {isa = PBXBuildFile; fileRef = 04340B312C3E55B2008EA34F /* SceneDelegate.swift */; };
		04340B392C3E55B4008EA34F /* app.xcassets in Resources */ = {isa = PBXBuildFile; fileRef = 04340B382C3E55B4008EA34F /* app.xcassets */; };
		04ADB4892C5E3D060020F89C /* colors.xcassets in Resources */ = {isa = PBXBuildFile; fileRef = 04ADB4882C5E3D060020F89C /* colors.xcassets */; };
		04ADB48C2C5E40300020F89C /* Color.swift in Sources */ = {isa = PBXBuildFile; fileRef = 04ADB48B2C5E40300020F89C /* Color.swift */; };
		04ADB48F2C5E414A0020F89C /* String+Color.swift in Sources */ = {isa = PBXBuildFile; fileRef = 04ADB48E2C5E414A0020F89C /* String+Color.swift */; };
		04C93A682C58BE0F00BA2ABE /* GradientView.swift in Sources */ = {isa = PBXBuildFile; fileRef = 04C93A672C58BE0F00BA2ABE /* GradientView.swift */; };
/* End PBXBuildFile section */

/* Begin PBXFileReference section */
		040444462C61E80500DF3612 /* images.xcassets */ = {isa = PBXFileReference; lastKnownFileType = folder.assetcatalog; path = images.xcassets; sourceTree = "<group>"; };
		040444482C61E84F00DF3612 /* String+Image.swift */ = {isa = PBXFileReference; lastKnownFileType = sourcecode.swift; path = "String+Image.swift"; sourceTree = "<group>"; };
		041B9ED12C4BC8AA0035528E /* WelcomeViewController.swift */ = {isa = PBXFileReference; lastKnownFileType = sourcecode.swift; path = WelcomeViewController.swift; sourceTree = "<group>"; };
		04340B2C2C3E55B2008EA34F /* VkApp.app */ = {isa = PBXFileReference; explicitFileType = wrapper.application; includeInIndex = 0; path = VkApp.app; sourceTree = BUILT_PRODUCTS_DIR; };
		04340B2F2C3E55B2008EA34F /* AppDelegate.swift */ = {isa = PBXFileReference; lastKnownFileType = sourcecode.swift; path = AppDelegate.swift; sourceTree = "<group>"; };
		04340B312C3E55B2008EA34F /* SceneDelegate.swift */ = {isa = PBXFileReference; lastKnownFileType = sourcecode.swift; path = SceneDelegate.swift; sourceTree = "<group>"; };
		04340B382C3E55B4008EA34F /* app.xcassets */ = {isa = PBXFileReference; lastKnownFileType = folder.assetcatalog; path = app.xcassets; sourceTree = "<group>"; };
		04340B3D2C3E55B4008EA34F /* Info.plist */ = {isa = PBXFileReference; lastKnownFileType = text.plist.xml; path = Info.plist; sourceTree = "<group>"; };
		04ADB4882C5E3D060020F89C /* colors.xcassets */ = {isa = PBXFileReference; lastKnownFileType = folder.assetcatalog; path = colors.xcassets; sourceTree = "<group>"; };
		04ADB48B2C5E40300020F89C /* Color.swift */ = {isa = PBXFileReference; lastKnownFileType = sourcecode.swift; path = Color.swift; sourceTree = "<group>"; };
		04ADB48E2C5E414A0020F89C /* String+Color.swift */ = {isa = PBXFileReference; lastKnownFileType = sourcecode.swift; path = "String+Color.swift"; sourceTree = "<group>"; };
		04C93A672C58BE0F00BA2ABE /* GradientView.swift */ = {isa = PBXFileReference; lastKnownFileType = sourcecode.swift; path = GradientView.swift; sourceTree = "<group>"; };
/* End PBXFileReference section */

/* Begin PBXFrameworksBuildPhase section */
		04340B292C3E55B2008EA34F /* Frameworks */ = {
			isa = PBXFrameworksBuildPhase;
			buildActionMask = 2147483647;
			files = (
			);
			runOnlyForDeploymentPostprocessing = 0;
		};
/* End PBXFrameworksBuildPhase section */

/* Begin PBXGroup section */
		041B9ECD2C4BC8380035528E /* Main */ = {
			isa = PBXGroup;
			children = (
				04ADB48D2C5E41050020F89C /* Extensions */,
				04ADB48A2C5E3FF60020F89C /* Common */,
				04C93A662C58BDBF00BA2ABE /* Components */,
				041B9ECE2C4BC84F0035528E /* Screens */,
			);
			path = Main;
			sourceTree = "<group>";
		};
		041B9ECE2C4BC84F0035528E /* Screens */ = {
			isa = PBXGroup;
			children = (
				041B9ECF2C4BC85D0035528E /* Welcome */,
			);
			path = Screens;
			sourceTree = "<group>";
		};
		041B9ECF2C4BC85D0035528E /* Welcome */ = {
			isa = PBXGroup;
			children = (
				041B9ED12C4BC8AA0035528E /* WelcomeViewController.swift */,
			);
			path = Welcome;
			sourceTree = "<group>";
		};
		04340B232C3E55B2008EA34F = {
			isa = PBXGroup;
			children = (
				04340B2E2C3E55B2008EA34F /* app */,
				04340B2D2C3E55B2008EA34F /* Products */,
			);
			sourceTree = "<group>";
		};
		04340B2D2C3E55B2008EA34F /* Products */ = {
			isa = PBXGroup;
			children = (
				04340B2C2C3E55B2008EA34F /* VkApp.app */,
			);
			name = Products;
			sourceTree = "<group>";
		};
		04340B2E2C3E55B2008EA34F /* app */ = {
			isa = PBXGroup;
			children = (
				04340B452C3E5A7A008EA34F /* config */,
				04340B462C3E5A95008EA34F /* resources */,
				04340B472C3E5AC1008EA34F /* sources */,
			);
			path = app;
			sourceTree = "<group>";
		};
		04340B452C3E5A7A008EA34F /* config */ = {
			isa = PBXGroup;
			children = (
				04340B3D2C3E55B4008EA34F /* Info.plist */,
			);
			path = config;
			sourceTree = "<group>";
		};
		04340B462C3E5A95008EA34F /* resources */ = {
			isa = PBXGroup;
			children = (
				04340B382C3E55B4008EA34F /* app.xcassets */,
				04ADB4882C5E3D060020F89C /* colors.xcassets */,
				040444462C61E80500DF3612 /* images.xcassets */,
			);
			path = resources;
			sourceTree = "<group>";
		};
		04340B472C3E5AC1008EA34F /* sources */ = {
			isa = PBXGroup;
			children = (
				04340B2F2C3E55B2008EA34F /* AppDelegate.swift */,
				04340B312C3E55B2008EA34F /* SceneDelegate.swift */,
				041B9ECD2C4BC8380035528E /* Main */,
			);
			path = sources;
			sourceTree = "<group>";
		};
		04ADB48A2C5E3FF60020F89C /* Common */ = {
			isa = PBXGroup;
			children = (
				04ADB48B2C5E40300020F89C /* Color.swift */,
			);
			path = Common;
			sourceTree = "<group>";
		};
		04ADB48D2C5E41050020F89C /* Extensions */ = {
			isa = PBXGroup;
			children = (
				04ADB48E2C5E414A0020F89C /* String+Color.swift */,
				040444482C61E84F00DF3612 /* String+Image.swift */,
			);
			path = Extensions;
			sourceTree = "<group>";
		};
		04C93A662C58BDBF00BA2ABE /* Components */ = {
			isa = PBXGroup;
			children = (
				04C93A672C58BE0F00BA2ABE /* GradientView.swift */,
			);
			path = Components;
			sourceTree = "<group>";
		};
/* End PBXGroup section */

/* Begin PBXNativeTarget section */
		04340B2B2C3E55B2008EA34F /* VkApp */ = {
			isa = PBXNativeTarget;
			buildConfigurationList = 04340B402C3E55B4008EA34F /* Build configuration list for PBXNativeTarget "VkApp" */;
			buildPhases = (
				04340B282C3E55B2008EA34F /* Sources */,
				04340B292C3E55B2008EA34F /* Frameworks */,
				04340B2A2C3E55B2008EA34F /* Resources */,
			);
			buildRules = (
			);
			dependencies = (
			);
			name = VkApp;
			productName = vkApp;
			productReference = 04340B2C2C3E55B2008EA34F /* VkApp.app */;
			productType = "com.apple.product-type.application";
		};
/* End PBXNativeTarget section */

/* Begin PBXProject section */
		04340B242C3E55B2008EA34F /* Project object */ = {
			isa = PBXProject;
			attributes = {
				BuildIndependentTargetsInParallel = 1;
				LastSwiftUpdateCheck = 1540;
				LastUpgradeCheck = 1540;
				ORGANIZATIONNAME = Mikhail_K;
				TargetAttributes = {
					04340B2B2C3E55B2008EA34F = {
						CreatedOnToolsVersion = 15.4;
					};
				};
			};
			buildConfigurationList = 04340B272C3E55B2008EA34F /* Build configuration list for PBXProject "VkApp" */;
			compatibilityVersion = "Xcode 15.0";
			developmentRegion = en;
			hasScannedForEncodings = 0;
			knownRegions = (
				en,
				Base,
			);
			mainGroup = 04340B232C3E55B2008EA34F;
			productRefGroup = 04340B2D2C3E55B2008EA34F /* Products */;
			projectDirPath = "";
			projectRoot = "";
			targets = (
				04340B2B2C3E55B2008EA34F /* VkApp */,
			);
		};
/* End PBXProject section */

/* Begin PBXResourcesBuildPhase section */
		04340B2A2C3E55B2008EA34F /* Resources */ = {
			isa = PBXResourcesBuildPhase;
			buildActionMask = 2147483647;
			files = (
				040444472C61E80500DF3612 /* images.xcassets in Resources */,
				04340B392C3E55B4008EA34F /* app.xcassets in Resources */,
				04ADB4892C5E3D060020F89C /* colors.xcassets in Resources */,
			);
			runOnlyForDeploymentPostprocessing = 0;
		};
/* End PBXResourcesBuildPhase section */

/* Begin PBXSourcesBuildPhase section */
		04340B282C3E55B2008EA34F /* Sources */ = {
			isa = PBXSourcesBuildPhase;
			buildActionMask = 2147483647;
			files = (
				041B9ED22C4BC8AA0035528E /* WelcomeViewController.swift in Sources */,
				04340B302C3E55B2008EA34F /* AppDelegate.swift in Sources */,
				04ADB48F2C5E414A0020F89C /* String+Color.swift in Sources */,
				04C93A682C58BE0F00BA2ABE /* GradientView.swift in Sources */,
				04ADB48C2C5E40300020F89C /* Color.swift in Sources */,
				04340B322C3E55B2008EA34F /* SceneDelegate.swift in Sources */,
				040444492C61E84F00DF3612 /* String+Image.swift in Sources */,
			);
			runOnlyForDeploymentPostprocessing = 0;
		};
/* End PBXSourcesBuildPhase section */

/* Begin XCBuildConfiguration section */
		04340B3E2C3E55B4008EA34F /* Debug */ = {
			isa = XCBuildConfiguration;
			buildSettings = {
				ALWAYS_SEARCH_USER_PATHS = NO;
				ASSETCATALOG_COMPILER_GENERATE_SWIFT_ASSET_SYMBOL_EXTENSIONS = YES;
				CLANG_ANALYZER_NONNULL = YES;
				CLANG_ANALYZER_NUMBER_OBJECT_CONVERSION = YES_AGGRESSIVE;
				CLANG_CXX_LANGUAGE_STANDARD = "gnu++20";
				CLANG_ENABLE_MODULES = YES;
				CLANG_ENABLE_OBJC_ARC = YES;
				CLANG_ENABLE_OBJC_WEAK = YES;
				CLANG_WARN_BLOCK_CAPTURE_AUTORELEASING = YES;
				CLANG_WARN_BOOL_CONVERSION = YES;
				CLANG_WARN_COMMA = YES;
				CLANG_WARN_CONSTANT_CONVERSION = YES;
				CLANG_WARN_DEPRECATED_OBJC_IMPLEMENTATIONS = YES;
				CLANG_WARN_DIRECT_OBJC_ISA_USAGE = YES_ERROR;
				CLANG_WARN_DOCUMENTATION_COMMENTS = YES;
				CLANG_WARN_EMPTY_BODY = YES;
				CLANG_WARN_ENUM_CONVERSION = YES;
				CLANG_WARN_INFINITE_RECURSION = YES;
				CLANG_WARN_INT_CONVERSION = YES;
				CLANG_WARN_NON_LITERAL_NULL_CONVERSION = YES;
				CLANG_WARN_OBJC_IMPLICIT_RETAIN_SELF = YES;
				CLANG_WARN_OBJC_LITERAL_CONVERSION = YES;
				CLANG_WARN_OBJC_ROOT_CLASS = YES_ERROR;
				CLANG_WARN_QUOTED_INCLUDE_IN_FRAMEWORK_HEADER = YES;
				CLANG_WARN_RANGE_LOOP_ANALYSIS = YES;
				CLANG_WARN_STRICT_PROTOTYPES = YES;
				CLANG_WARN_SUSPICIOUS_MOVE = YES;
				CLANG_WARN_UNGUARDED_AVAILABILITY = YES_AGGRESSIVE;
				CLANG_WARN_UNREACHABLE_CODE = YES;
				CLANG_WARN__DUPLICATE_METHOD_MATCH = YES;
				COPY_PHASE_STRIP = NO;
				DEBUG_INFORMATION_FORMAT = dwarf;
				ENABLE_STRICT_OBJC_MSGSEND = YES;
				ENABLE_TESTABILITY = YES;
				ENABLE_USER_SCRIPT_SANDBOXING = YES;
				GCC_C_LANGUAGE_STANDARD = gnu17;
				GCC_DYNAMIC_NO_PIC = NO;
				GCC_NO_COMMON_BLOCKS = YES;
				GCC_OPTIMIZATION_LEVEL = 0;
				GCC_PREPROCESSOR_DEFINITIONS = (
					"DEBUG=1",
					"$(inherited)",
				);
				GCC_WARN_64_TO_32_BIT_CONVERSION = YES;
				GCC_WARN_ABOUT_RETURN_TYPE = YES_ERROR;
				GCC_WARN_UNDECLARED_SELECTOR = YES;
				GCC_WARN_UNINITIALIZED_AUTOS = YES_AGGRESSIVE;
				GCC_WARN_UNUSED_FUNCTION = YES;
				GCC_WARN_UNUSED_VARIABLE = YES;
				IPHONEOS_DEPLOYMENT_TARGET = 17.5;
				LOCALIZATION_PREFERS_STRING_CATALOGS = YES;
				MTL_ENABLE_DEBUG_INFO = INCLUDE_SOURCE;
				MTL_FAST_MATH = YES;
				ONLY_ACTIVE_ARCH = YES;
				SDKROOT = iphoneos;
				SWIFT_ACTIVE_COMPILATION_CONDITIONS = "DEBUG $(inherited)";
				SWIFT_OPTIMIZATION_LEVEL = "-Onone";
			};
			name = Debug;
		};
		04340B3F2C3E55B4008EA34F /* Release */ = {
			isa = XCBuildConfiguration;
			buildSettings = {
				ALWAYS_SEARCH_USER_PATHS = NO;
				ASSETCATALOG_COMPILER_GENERATE_SWIFT_ASSET_SYMBOL_EXTENSIONS = YES;
				CLANG_ANALYZER_NONNULL = YES;
				CLANG_ANALYZER_NUMBER_OBJECT_CONVERSION = YES_AGGRESSIVE;
				CLANG_CXX_LANGUAGE_STANDARD = "gnu++20";
				CLANG_ENABLE_MODULES = YES;
				CLANG_ENABLE_OBJC_ARC = YES;
				CLANG_ENABLE_OBJC_WEAK = YES;
				CLANG_WARN_BLOCK_CAPTURE_AUTORELEASING = YES;
				CLANG_WARN_BOOL_CONVERSION = YES;
				CLANG_WARN_COMMA = YES;
				CLANG_WARN_CONSTANT_CONVERSION = YES;
				CLANG_WARN_DEPRECATED_OBJC_IMPLEMENTATIONS = YES;
				CLANG_WARN_DIRECT_OBJC_ISA_USAGE = YES_ERROR;
				CLANG_WARN_DOCUMENTATION_COMMENTS = YES;
				CLANG_WARN_EMPTY_BODY = YES;
				CLANG_WARN_ENUM_CONVERSION = YES;
				CLANG_WARN_INFINITE_RECURSION = YES;
				CLANG_WARN_INT_CONVERSION = YES;
				CLANG_WARN_NON_LITERAL_NULL_CONVERSION = YES;
				CLANG_WARN_OBJC_IMPLICIT_RETAIN_SELF = YES;
				CLANG_WARN_OBJC_LITERAL_CONVERSION = YES;
				CLANG_WARN_OBJC_ROOT_CLASS = YES_ERROR;
				CLANG_WARN_QUOTED_INCLUDE_IN_FRAMEWORK_HEADER = YES;
				CLANG_WARN_RANGE_LOOP_ANALYSIS = YES;
				CLANG_WARN_STRICT_PROTOTYPES = YES;
				CLANG_WARN_SUSPICIOUS_MOVE = YES;
				CLANG_WARN_UNGUARDED_AVAILABILITY = YES_AGGRESSIVE;
				CLANG_WARN_UNREACHABLE_CODE = YES;
				CLANG_WARN__DUPLICATE_METHOD_MATCH = YES;
				COPY_PHASE_STRIP = NO;
				DEBUG_INFORMATION_FORMAT = "dwarf-with-dsym";
				ENABLE_NS_ASSERTIONS = NO;
				ENABLE_STRICT_OBJC_MSGSEND = YES;
				ENABLE_USER_SCRIPT_SANDBOXING = YES;
				GCC_C_LANGUAGE_STANDARD = gnu17;
				GCC_NO_COMMON_BLOCKS = YES;
				GCC_WARN_64_TO_32_BIT_CONVERSION = YES;
				GCC_WARN_ABOUT_RETURN_TYPE = YES_ERROR;
				GCC_WARN_UNDECLARED_SELECTOR = YES;
				GCC_WARN_UNINITIALIZED_AUTOS = YES_AGGRESSIVE;
				GCC_WARN_UNUSED_FUNCTION = YES;
				GCC_WARN_UNUSED_VARIABLE = YES;
				IPHONEOS_DEPLOYMENT_TARGET = 17.5;
				LOCALIZATION_PREFERS_STRING_CATALOGS = YES;
				MTL_ENABLE_DEBUG_INFO = NO;
				MTL_FAST_MATH = YES;
				SDKROOT = iphoneos;
				SWIFT_COMPILATION_MODE = wholemodule;
				VALIDATE_PRODUCT = YES;
			};
			name = Release;
		};
		04340B412C3E55B4008EA34F /* Debug */ = {
			isa = XCBuildConfiguration;
			buildSettings = {
				ASSETCATALOG_COMPILER_APPICON_NAME = AppIcon;
				CODE_SIGN_STYLE = Automatic;
				CURRENT_PROJECT_VERSION = 1;
				DEVELOPMENT_TEAM = DMQQCQ9Y8M;
				GENERATE_INFOPLIST_FILE = YES;
				INFOPLIST_FILE = app/config/Info.plist;
				INFOPLIST_KEY_CFBundleDisplayName = "VK App";
				INFOPLIST_KEY_LSApplicationCategoryType = "public.app-category.social-networking";
				INFOPLIST_KEY_UIApplicationSupportsIndirectInputEvents = YES;
				INFOPLIST_KEY_UILaunchStoryboardName = LaunchScreen;
				INFOPLIST_KEY_UISupportedInterfaceOrientations_iPad = "UIInterfaceOrientationPortrait UIInterfaceOrientationPortraitUpsideDown UIInterfaceOrientationLandscapeLeft UIInterfaceOrientationLandscapeRight";
				INFOPLIST_KEY_UISupportedInterfaceOrientations_iPhone = "UIInterfaceOrientationPortrait UIInterfaceOrientationLandscapeLeft UIInterfaceOrientationLandscapeRight";
				IPHONEOS_DEPLOYMENT_TARGET = 17.0;
				LD_RUNPATH_SEARCH_PATHS = (
					"$(inherited)",
					"@executable_path/Frameworks",
				);
				MARKETING_VERSION = 1.0;
				PRODUCT_BUNDLE_IDENTIFIER = com.mikhail.vkApp;
				PRODUCT_NAME = "$(TARGET_NAME)";
				SWIFT_EMIT_LOC_STRINGS = YES;
				SWIFT_VERSION = 5.0;
				TARGETED_DEVICE_FAMILY = "1,2";
			};
			name = Debug;
		};
		04340B422C3E55B4008EA34F /* Release */ = {
			isa = XCBuildConfiguration;
			buildSettings = {
				ASSETCATALOG_COMPILER_APPICON_NAME = AppIcon;
				CODE_SIGN_STYLE = Automatic;
				CURRENT_PROJECT_VERSION = 1;
				DEVELOPMENT_TEAM = DMQQCQ9Y8M;
				GENERATE_INFOPLIST_FILE = YES;
				INFOPLIST_FILE = app/config/Info.plist;
				INFOPLIST_KEY_CFBundleDisplayName = "VK App";
				INFOPLIST_KEY_LSApplicationCategoryType = "public.app-category.social-networking";
				INFOPLIST_KEY_UIApplicationSupportsIndirectInputEvents = YES;
				INFOPLIST_KEY_UILaunchStoryboardName = LaunchScreen;
				INFOPLIST_KEY_UISupportedInterfaceOrientations_iPad = "UIInterfaceOrientationPortrait UIInterfaceOrientationPortraitUpsideDown UIInterfaceOrientationLandscapeLeft UIInterfaceOrientationLandscapeRight";
				INFOPLIST_KEY_UISupportedInterfaceOrientations_iPhone = "UIInterfaceOrientationPortrait UIInterfaceOrientationLandscapeLeft UIInterfaceOrientationLandscapeRight";
				IPHONEOS_DEPLOYMENT_TARGET = 17.0;
				LD_RUNPATH_SEARCH_PATHS = (
					"$(inherited)",
					"@executable_path/Frameworks",
				);
				MARKETING_VERSION = 1.0;
				PRODUCT_BUNDLE_IDENTIFIER = com.mikhail.vkApp;
				PRODUCT_NAME = "$(TARGET_NAME)";
				SWIFT_EMIT_LOC_STRINGS = YES;
				SWIFT_VERSION = 5.0;
				TARGETED_DEVICE_FAMILY = "1,2";
			};
			name = Release;
		};
/* End XCBuildConfiguration section */

/* Begin XCConfigurationList section */
		04340B272C3E55B2008EA34F /* Build configuration list for PBXProject "VkApp" */ = {
			isa = XCConfigurationList;
			buildConfigurations = (
				04340B3E2C3E55B4008EA34F /* Debug */,
				04340B3F2C3E55B4008EA34F /* Release */,
			);
			defaultConfigurationIsVisible = 0;
			defaultConfigurationName = Release;
		};
		04340B402C3E55B4008EA34F /* Build configuration list for PBXNativeTarget "VkApp" */ = {
			isa = XCConfigurationList;
			buildConfigurations = (
				04340B412C3E55B4008EA34F /* Debug */,
				04340B422C3E55B4008EA34F /* Release */,
			);
			defaultConfigurationIsVisible = 0;
			defaultConfigurationName = Release;
		};
/* End XCConfigurationList section */
	};
	rootObject = 04340B242C3E55B2008EA34F /* Project object */;
}
